
Microsoft Visual Studio Solution File, Format Version 12.00
# Visual Studio Version 17
VisualStudioVersion = 17.9.34728.123
MinimumVisualStudioVersion = 10.0.40219.1
Project("{8BC9CEB8-8B4A-11D0-8D11-00A0C91BC942}") = "Server", "Server\Server.vcxproj", "{737BB667-4843-4F45-B52B-0A882D60D831}"
EndProject
Global
	GlobalSection(SolutionConfigurationPlatforms) = preSolution
		Debug|x64 = Debug|x64
		Debug|x86 = Debug|x86
		Release|x64 = Release|x64
		Release|x86 = Release|x86
	EndGlobalSection
	GlobalSection(ProjectConfigurationPlatforms) = postSolution
		{737BB667-4843-4F45-B52B-0A882D60D831}.Debug|x64.ActiveCfg = Debug|x64
		{737BB667-4843-4F45-B52B-0A882D60D831}.Debug|x64.Build.0 = Debug|x64
		{737BB667-4843-4F45-B52B-0A882D60D831}.Debug|x86.ActiveCfg = Debug|Win32
		{737BB667-4843-4F45-B52B-0A882D60D831}.Debug|x86.Build.0 = Debug|Win32
		{737BB667-4843-4F45-B52B-0A882D60D831}.Release|x64.ActiveCfg = Release|x64
		{737BB667-4843-4F45-B52B-0A882D60D831}.Release|x64.Build.0 = Release|x64
		{737BB667-4843-4F45-B52B-0A882D60D831}.Release|x86.ActiveCfg = Release|Win32
		{737BB667-4843-4F45-B52B-0A882D60D831}.Release|x86.Build.0 = Release|Win32
	EndGlobalSection
	GlobalSection(SolutionProperties) = preSolution
		HideSolutionNode = FALSE
	EndGlobalSection
	GlobalSection(ExtensibilityGlobals) = postSolution
		SolutionGuid = {458B3CEB-3EB5-41D6-B1D3-7B4139177C23}
	EndGlobalSection
EndGlobal
